
Microsoft Visual Studio Solution File, Format Version 12.00
# Visual Studio Version 17
VisualStudioVersion = 17.0.31903.59
MinimumVisualStudioVersion = 10.0.40219.1
Project("{FAE04EC0-301F-11D3-BF4B-00C04F79EFBC}") = "SquareEquationLib", "SquareEquationLib\SquareEquationLib.csproj", "{7E351A9F-2F5A-4344-8560-87740EE756F2}"
EndProject
Project("{FAE04EC0-301F-11D3-BF4B-00C04F79EFBC}") = "specflow_bdd", "specflow_bdd\specflow_bdd.csproj", "{48490C98-DC36-4D92-9D5C-FDB0BED8EF92}"
EndProject
Global
	GlobalSection(SolutionConfigurationPlatforms) = preSolution
		Debug|Any CPU = Debug|Any CPU
		Release|Any CPU = Release|Any CPU
	EndGlobalSection
	GlobalSection(SolutionProperties) = preSolution
		HideSolutionNode = FALSE
	EndGlobalSection
	GlobalSection(ProjectConfigurationPlatforms) = postSolution
		{7E351A9F-2F5A-4344-8560-87740EE756F2}.Debug|Any CPU.ActiveCfg = Debug|Any CPU
		{7E351A9F-2F5A-4344-8560-87740EE756F2}.Debug|Any CPU.Build.0 = Debug|Any CPU
		{7E351A9F-2F5A-4344-8560-87740EE756F2}.Release|Any CPU.ActiveCfg = Release|Any CPU
		{7E351A9F-2F5A-4344-8560-87740EE756F2}.Release|Any CPU.Build.0 = Release|Any CPU
		{48490C98-DC36-4D92-9D5C-FDB0BED8EF92}.Debug|Any CPU.ActiveCfg = Debug|Any CPU
		{48490C98-DC36-4D92-9D5C-FDB0BED8EF92}.Debug|Any CPU.Build.0 = Debug|Any CPU
		{48490C98-DC36-4D92-9D5C-FDB0BED8EF92}.Release|Any CPU.ActiveCfg = Release|Any CPU
		{48490C98-DC36-4D92-9D5C-FDB0BED8EF92}.Release|Any CPU.Build.0 = Release|Any CPU
	EndGlobalSection
EndGlobal
